<?xml version="1.0" encoding="utf-8"?>
<Project ToolsVersion="4.0" xmlns="http://schemas.microsoft.com/developer/msbuild/2003">
  <ItemGroup>
    <Filter Include="Source Files">
      <UniqueIdentifier>{4FC737F1-C7A5-4376-A066-2A32D752A2FF}</UniqueIdentifier>
      <Extensions>cpp;c;cc;cxx;c++;cppm;ixx;def;odl;idl;hpj;bat;asm;asmx</Extensions>
    </Filter>
    <Filter Include="Header Files">
      <UniqueIdentifier>{93995380-89BD-4b04-88EB-625FBE52EBFB}</UniqueIdentifier>
      <Extensions>h;hh;hpp;hxx;h++;hm;inl;inc;ipp;xsd</Extensions>
    </Filter>
    <Filter Include="Resource Files">
      <UniqueIdentifier>{67DA6AB6-F800-4c08-8B7A-83BB121AAD01}</UniqueIdentifier>
      <Extensions>rc;ico;cur;bmp;dlg;rc2;rct;bin;rgs;gif;jpg;jpeg;jpe;resx;tiff;tif;png;wav;mfcribbon-ms</Extensions>
    </Filter>
    <Filter Include="Source Files\Camera">
      <UniqueIdentifier>{7a96cea2-73ae-446b-a3a2-3fd1fc9c0487}</UniqueIdentifier>
    </Filter>
    <Filter Include="Source Files\States">
      <UniqueIdentifier>{dbe0ab26-e09e-489a-8624-462880e30aa9}</UniqueIdentifier>
    </Filter>
    <Filter Include="Source Files\stdafx">
      <UniqueIdentifier>{dd436040-f323-4690-82f8-b0c6a569e23a}</UniqueIdentifier>
    </Filter>
    <Filter Include="Source Files\Time">
      <UniqueIdentifier>{55738062-6b2d-463c-87e5-4bef2734442b}</UniqueIdentifier>
    </Filter>
    <Filter Include="Source Files\Tinyxml">
      <UniqueIdentifier>{673cb6e8-c47c-4b9b-afb3-f1ed442f960a}</UniqueIdentifier>
    </Filter>
    <Filter Include="Source Files\Game">
      <UniqueIdentifier>{9eb2a14c-3f3e-459b-8775-5bf7b2eae6b0}</UniqueIdentifier>
    </Filter>
    <Filter Include="Source Files\Inputs">
      <UniqueIdentifier>{4412e9d4-a368-4631-928b-f8b8a2006ed0}</UniqueIdentifier>
    </Filter>
    <Filter Include="Source Files\ObjectFactory">
      <UniqueIdentifier>{3c7251ac-30b2-4844-b902-b1357c2afbfd}</UniqueIdentifier>
    </Filter>
    <Filter Include="Source Files\Collision">
      <UniqueIdentifier>{527bfc76-c404-4a80-9b31-92247ee37c4a}</UniqueIdentifier>
    </Filter>
    <Filter Include="Source Files\Character">
      <UniqueIdentifier>{b34b2843-71ae-468f-92f5-1918210adce3}</UniqueIdentifier>
    </Filter>
    <Filter Include="Source Files\Map">
      <UniqueIdentifier>{4d587804-0130-44e7-b4f2-3d5ef30317b5}</UniqueIdentifier>
    </Filter>
    <Filter Include="Source Files\TextureMgr">
      <UniqueIdentifier>{f61419a2-22d8-40a6-81fe-44244b911550}</UniqueIdentifier>
    </Filter>
  </ItemGroup>
  <ItemGroup>
    <ClCompile Include="Main.cpp">
      <Filter>Source Files</Filter>
    </ClCompile>
    <ClCompile Include="GameState.cpp">
      <Filter>Source Files\States</Filter>
    </ClCompile>
    <ClCompile Include="State.cpp">
      <Filter>Source Files\States</Filter>
    </ClCompile>
    <ClCompile Include="Camera.cpp">
      <Filter>Source Files\Camera</Filter>
    </ClCompile>
    <ClCompile Include="x64\Debug\tinystr.cpp">
      <Filter>Source Files\Tinyxml</Filter>
    </ClCompile>
    <ClCompile Include="x64\Debug\tinyxml.cpp">
      <Filter>Source Files\Tinyxml</Filter>
    </ClCompile>
    <ClCompile Include="x64\Debug\tinyxmlerror.cpp">
      <Filter>Source Files\Tinyxml</Filter>
    </ClCompile>
    <ClCompile Include="x64\Debug\tinyxmlparser.cpp">
      <Filter>Source Files\Tinyxml</Filter>
    </ClCompile>
    <ClCompile Include="stdafx.cpp">
      <Filter>Source Files\stdafx</Filter>
    </ClCompile>
    <ClCompile Include="Time.cpp">
      <Filter>Source Files\Time</Filter>
    </ClCompile>
    <ClCompile Include="Game.cpp">
      <Filter>Source Files\Game</Filter>
    </ClCompile>
    <ClCompile Include="Inputs.cpp">
      <Filter>Source Files\Inputs</Filter>
    </ClCompile>
    <ClCompile Include="Collision.cpp">
      <Filter>Source Files\Collision</Filter>
    </ClCompile>
    <ClCompile Include="MainMenuState.cpp">
      <Filter>Source Files\States</Filter>
    </ClCompile>
    <ClCompile Include="Layer.cpp">
      <Filter>Source Files\Map</Filter>
    </ClCompile>
    <ClCompile Include="TileLayer.cpp">
      <Filter>Source Files\Map</Filter>
    </ClCompile>
    <ClCompile Include="MapParse.cpp">
      <Filter>Source Files\Map</Filter>
    </ClCompile>
    <ClCompile Include="GameMap.cpp">
      <Filter>Source Files\Map</Filter>
    </ClCompile>
    <ClCompile Include="TextureManager.cpp">
      <Filter>Source Files\TextureMgr</Filter>
    </ClCompile>
  </ItemGroup>
  <ItemGroup>
    <ClInclude Include="GameState.h">
      <Filter>Source Files\States</Filter>
    </ClInclude>
    <ClInclude Include="State.h">
      <Filter>Source Files\States</Filter>
    </ClInclude>
    <ClInclude Include="Camera.h">
      <Filter>Source Files\Camera</Filter>
    </ClInclude>
    <ClInclude Include="x64\Debug\tinystr.h">
      <Filter>Source Files\Tinyxml</Filter>
    </ClInclude>
    <ClInclude Include="x64\Debug\tinyxml.h">
      <Filter>Source Files\Tinyxml</Filter>
    </ClInclude>
    <ClInclude Include="stdafx.h">
      <Filter>Source Files\stdafx</Filter>
    </ClInclude>
    <ClInclude Include="Time.h">
      <Filter>Source Files\Time</Filter>
    </ClInclude>
    <ClInclude Include="Game.h">
      <Filter>Source Files\Game</Filter>
    </ClInclude>
    <ClInclude Include="Inputs.h">
      <Filter>Source Files\Inputs</Filter>
    </ClInclude>
    <ClInclude Include="Collision.h">
      <Filter>Source Files\Collision</Filter>
    </ClInclude>
    <ClInclude Include="MainMenuState.h">
      <Filter>Source Files\States</Filter>
    </ClInclude>
    <ClInclude Include="Layer.h">
      <Filter>Source Files\Map</Filter>
    </ClInclude>
    <ClInclude Include="TileLayer.h">
      <Filter>Source Files\Map</Filter>
    </ClInclude>
    <ClInclude Include="MapParse.h">
      <Filter>Source Files\Map</Filter>
    </ClInclude>
    <ClInclude Include="GameMap.h">
      <Filter>Source Files\Map</Filter>
    </ClInclude>
    <ClInclude Include="TextureManager.h">
      <Filter>Source Files\TextureMgr</Filter>
    </ClInclude>
  </ItemGroup>
</Project>