<?xml version="1.0" encoding="utf-8"?>
<Project ToolsVersion="4.0" xmlns="http://schemas.microsoft.com/developer/msbuild/2003">
  <ItemGroup>
    <ClCompile Include="Main.cpp">
      <Filter>Source Files</Filter>
    </ClCompile>
    <ClCompile Include="Camera.cpp">
      <Filter>Source Files\Camera</Filter>
    </ClCompile>
    <ClCompile Include="Collider.cpp">
      <Filter>Source Files\Physics</Filter>
    </ClCompile>
    <ClCompile Include="Point.cpp">
      <Filter>Source Files\Physics</Filter>
    </ClCompile>
    <ClCompile Include="RigidBody.cpp">
      <Filter>Source Files\Physics</Filter>
    </ClCompile>
    <ClCompile Include="Vector2D.cpp">
      <Filter>Source Files\Physics</Filter>
    </ClCompile>
    <ClCompile Include="Transform.cpp">
      <Filter>Source Files\Physics</Filter>
    </ClCompile>
    <ClCompile Include="Collision.cpp">
      <Filter>Source Files\Camera\Collision</Filter>
    </ClCompile>
    <ClCompile Include="Game.cpp">
      <Filter>Source Files\Game</Filter>
    </ClCompile>
    <ClCompile Include="GameState.cpp">
      <Filter>Source Files\States</Filter>
    </ClCompile>
    <ClCompile Include="State.cpp">
      <Filter>Source Files\States</Filter>
    </ClCompile>
    <ClCompile Include="MainMenuState.cpp">
      <Filter>Source Files\States</Filter>
    </ClCompile>
    <ClCompile Include="GameMap.cpp">
      <Filter>Source Files\Map</Filter>
    </ClCompile>
    <ClCompile Include="TileLayer.cpp">
      <Filter>Source Files\Map</Filter>
    </ClCompile>
    <ClCompile Include="MapParse.cpp">
      <Filter>Source Files\Map</Filter>
    </ClCompile>
    <ClCompile Include="Layer.cpp">
      <Filter>Source Files\Map</Filter>
    </ClCompile>
    <ClCompile Include="Inputs.cpp">
      <Filter>Source Files\Inputs</Filter>
    </ClCompile>
    <ClCompile Include="TextureManager.cpp">
      <Filter>Source Files\TextureMgr</Filter>
    </ClCompile>
    <ClCompile Include="stdafx.cpp">
      <Filter>Source Files\stdafx</Filter>
    </ClCompile>
    <ClCompile Include="Time.cpp">
      <Filter>Source Files\Time</Filter>
    </ClCompile>
    <ClCompile Include="x64\Debug\tinyxml.cpp">
      <Filter>Source Files\tinyxml</Filter>
    </ClCompile>
    <ClCompile Include="x64\Debug\tinystr.cpp">
      <Filter>Source Files\tinyxml</Filter>
    </ClCompile>
    <ClCompile Include="x64\Debug\tinyxmlerror.cpp">
      <Filter>Source Files\tinyxml</Filter>
    </ClCompile>
    <ClCompile Include="x64\Debug\tinyxmlparser.cpp">
      <Filter>Source Files\tinyxml</Filter>
    </ClCompile>
    <ClCompile Include="IObject.cpp">
      <Filter>Source Files\Entities</Filter>
    </ClCompile>
    <ClCompile Include="Entity.cpp">
      <Filter>Source Files\Entities</Filter>
    </ClCompile>
    <ClCompile Include="Enemy.cpp">
      <Filter>Source Files\Character</Filter>
    </ClCompile>
    <ClCompile Include="Mage.cpp">
      <Filter>Source Files\Character</Filter>
    </ClCompile>
  </ItemGroup>
  <ItemGroup>
    <ClInclude Include="Camera.h">
      <Filter>Source Files\Camera</Filter>
    </ClInclude>
    <ClInclude Include="Collider.h">
      <Filter>Source Files\Physics</Filter>
    </ClInclude>
    <ClInclude Include="Point.h">
      <Filter>Source Files\Physics</Filter>
    </ClInclude>
    <ClInclude Include="RigidBody.h">
      <Filter>Source Files\Physics</Filter>
    </ClInclude>
    <ClInclude Include="Vector2D.h">
      <Filter>Source Files\Physics</Filter>
    </ClInclude>
    <ClInclude Include="Transform.h">
      <Filter>Source Files\Physics</Filter>
    </ClInclude>
    <ClInclude Include="Collision.h">
      <Filter>Source Files\Camera\Collision</Filter>
    </ClInclude>
    <ClInclude Include="Game.h">
      <Filter>Source Files\Game</Filter>
    </ClInclude>
    <ClInclude Include="GameState.h">
      <Filter>Source Files\States</Filter>
    </ClInclude>
    <ClInclude Include="State.h">
      <Filter>Source Files\States</Filter>
    </ClInclude>
    <ClInclude Include="MainMenuState.h">
      <Filter>Source Files\States</Filter>
    </ClInclude>
    <ClInclude Include="GameMap.h">
      <Filter>Source Files\Map</Filter>
    </ClInclude>
    <ClInclude Include="TileLayer.h">
      <Filter>Source Files\Map</Filter>
    </ClInclude>
    <ClInclude Include="MapParse.h">
      <Filter>Source Files\Map</Filter>
    </ClInclude>
    <ClInclude Include="Layer.h">
      <Filter>Source Files\Map</Filter>
    </ClInclude>
    <ClInclude Include="Inputs.h">
      <Filter>Source Files\Inputs</Filter>
    </ClInclude>
    <ClInclude Include="TextureManager.h">
      <Filter>Source Files\TextureMgr</Filter>
    </ClInclude>
    <ClInclude Include="stdafx.h">
      <Filter>Source Files\stdafx</Filter>
    </ClInclude>
    <ClInclude Include="Time.h">
      <Filter>Source Files\Time</Filter>
    </ClInclude>
    <ClInclude Include="x64\Debug\tinyxml.h">
      <Filter>Source Files\tinyxml</Filter>
    </ClInclude>
    <ClInclude Include="x64\Debug\tinystr.h">
      <Filter>Source Files\tinyxml</Filter>
    </ClInclude>
    <ClInclude Include="Entity.h">
      <Filter>Source Files\Entities</Filter>
    </ClInclude>
    <ClInclude Include="IObject.h">
      <Filter>Source Files\Entities</Filter>
    </ClInclude>
    <ClInclude Include="Enemy.h">
      <Filter>Source Files\Character</Filter>
    </ClInclude>
    <ClInclude Include="Mage.h">
      <Filter>Source Files\Character</Filter>
    </ClInclude>
  </ItemGroup>
  <ItemGroup>
    <Filter Include="Header Files">
      <UniqueIdentifier>{7d125a62-e1f7-4b6b-bd0e-e3bd14083593}</UniqueIdentifier>
    </Filter>
    <Filter Include="Source Files">
      <UniqueIdentifier>{709288e1-d73d-4028-b86f-372d00441273}</UniqueIdentifier>
    </Filter>
    <Filter Include="Resource Files">
      <UniqueIdentifier>{5b7e2554-dd71-487f-91bb-88bf321a9452}</UniqueIdentifier>
    </Filter>
    <Filter Include="Source Files\Physics">
      <UniqueIdentifier>{1302d536-859a-4563-8cb9-a75e2cc09221}</UniqueIdentifier>
    </Filter>
    <Filter Include="Source Files\Camera">
      <UniqueIdentifier>{112d22a3-0728-4a18-a8a7-f41adeff462d}</UniqueIdentifier>
    </Filter>
    <Filter Include="Source Files\Game">
      <UniqueIdentifier>{d3d5f2bc-38d0-4e82-bf37-9b12a069e01a}</UniqueIdentifier>
    </Filter>
    <Filter Include="Source Files\States">
      <UniqueIdentifier>{6b8819dc-d382-4e10-9037-3b0c68d2e722}</UniqueIdentifier>
    </Filter>
    <Filter Include="Source Files\Map">
      <UniqueIdentifier>{5e3b8c92-3d86-4dac-b335-3500cc7041d8}</UniqueIdentifier>
    </Filter>
    <Filter Include="Source Files\Inputs">
      <UniqueIdentifier>{21dbbfd5-58ce-4a3c-8ff4-eadb02a17a24}</UniqueIdentifier>
    </Filter>
    <Filter Include="Source Files\Camera\Collision">
      <UniqueIdentifier>{b2a37370-2f50-4ea2-9b69-9897d850bdc3}</UniqueIdentifier>
    </Filter>
    <Filter Include="Source Files\TextureMgr">
      <UniqueIdentifier>{20dd8d58-d63f-4ec6-8866-fcb7f4c5edcf}</UniqueIdentifier>
    </Filter>
    <Filter Include="Source Files\stdafx">
      <UniqueIdentifier>{1db890fa-9270-4e15-89b5-e931e763b483}</UniqueIdentifier>
    </Filter>
    <Filter Include="Source Files\Time">
      <UniqueIdentifier>{791cc5cb-ca65-4618-b329-8bee90da4ea0}</UniqueIdentifier>
    </Filter>
    <Filter Include="Source Files\tinyxml">
      <UniqueIdentifier>{4dfd47cb-f58b-4db2-878b-f16f728cd6a8}</UniqueIdentifier>
    </Filter>
    <Filter Include="Source Files\Entities">
      <UniqueIdentifier>{360b0948-3a9c-40b9-b048-4dc454bc44e4}</UniqueIdentifier>
    </Filter>
    <Filter Include="Source Files\Character">
      <UniqueIdentifier>{c9a739d2-574f-4903-8113-d046e837a3a4}</UniqueIdentifier>
    </Filter>
  </ItemGroup>
</Project>